// !$*UTF8*$!
{
	archiveVersion = 1;
	classes = {
	};
	objectVersion = 48;
	objects = {

/* Begin PBXBuildFile section */
		070D71E420F74CA300175D20 /* UILabel+init.m in Sources */ = {isa = PBXBuildFile; fileRef = 070D71D820F74CA300175D20 /* UILabel+init.m */; };
		070D71E520F74CA300175D20 /* UIView+frameProperty.m in Sources */ = {isa = PBXBuildFile; fileRef = 070D71D920F74CA300175D20 /* UIView+frameProperty.m */; };
		070D71E620F74CA300175D20 /* UIImage+operations.m in Sources */ = {isa = PBXBuildFile; fileRef = 070D71DB20F74CA300175D20 /* UIImage+operations.m */; };
		070D71E720F74CA300175D20 /* UIViewController+funcs.m in Sources */ = {isa = PBXBuildFile; fileRef = 070D71DC20F74CA300175D20 /* UIViewController+funcs.m */; };
		070D71E820F74CA300175D20 /* UIButton+init.m in Sources */ = {isa = PBXBuildFile; fileRef = 070D71DF20F74CA300175D20 /* UIButton+init.m */; };
		070D71E920F74CA300175D20 /* UIView+funcs.m in Sources */ = {isa = PBXBuildFile; fileRef = 070D71E220F74CA300175D20 /* UIView+funcs.m */; };
		070D71EE20F74CB900175D20 /* Common.m in Sources */ = {isa = PBXBuildFile; fileRef = 070D71EA20F74CB900175D20 /* Common.m */; };
		070D71F520F74CE600175D20 /* InsertionSorter.m in Sources */ = {isa = PBXBuildFile; fileRef = 070D71EF20F74CE600175D20 /* InsertionSorter.m */; };
		070D71F620F74CE600175D20 /* BubbleSorter.m in Sources */ = {isa = PBXBuildFile; fileRef = 070D71F120F74CE600175D20 /* BubbleSorter.m */; };
		070D71F720F74CE600175D20 /* HeapSorter.m in Sources */ = {isa = PBXBuildFile; fileRef = 070D71F220F74CE600175D20 /* HeapSorter.m */; };
		070D71F820F74CE600175D20 /* LinearSorter.m in Sources */ = {isa = PBXBuildFile; fileRef = 070D71F320F74CE600175D20 /* LinearSorter.m */; };
		070D71F920F74CE600175D20 /* QuickSorter.mm in Sources */ = {isa = PBXBuildFile; fileRef = 070D71F420F74CE600175D20 /* QuickSorter.mm */; };
		070D71FF20F74EFE00175D20 /* SortMainController.m in Sources */ = {isa = PBXBuildFile; fileRef = 070D71FD20F74EFE00175D20 /* SortMainController.m */; };
		070D720420F74F1E00175D20 /* SortingViewController.m in Sources */ = {isa = PBXBuildFile; fileRef = 070D720020F74F1D00175D20 /* SortingViewController.m */; };
		070D720520F74F1E00175D20 /* ConfigSortController.m in Sources */ = {isa = PBXBuildFile; fileRef = 070D720320F74F1E00175D20 /* ConfigSortController.m */; };
		071BDA3720F8A71500D10F53 /* TextFieldCell.m in Sources */ = {isa = PBXBuildFile; fileRef = 071BDA3620F8A71500D10F53 /* TextFieldCell.m */; };
		075B156D20F749EA0081CD48 /* MyComparator.m in Sources */ = {isa = PBXBuildFile; fileRef = 075B156C20F749EA0081CD48 /* MyComparator.m */; };
		075B157120F74A010081CD48 /* SortBaseClass.m in Sources */ = {isa = PBXBuildFile; fileRef = 075B157020F74A010081CD48 /* SortBaseClass.m */; };
		075B158920F74A4E0081CD48 /* ELRepeatLinearCell.m in Sources */ = {isa = PBXBuildFile; fileRef = 075B157820F74A4E0081CD48 /* ELRepeatLinearCell.m */; };
		075B158A20F74A4E0081CD48 /* ELTreeUnitCell.m in Sources */ = {isa = PBXBuildFile; fileRef = 075B157E20F74A4E0081CD48 /* ELTreeUnitCell.m */; };
		075B158B20F74A4E0081CD48 /* ELLinearUnitCell.m in Sources */ = {isa = PBXBuildFile; fileRef = 075B158120F74A4E0081CD48 /* ELLinearUnitCell.m */; };
		075B158C20F74A4E0081CD48 /* ELGroupedUnitCell.m in Sources */ = {isa = PBXBuildFile; fileRef = 075B158220F74A4E0081CD48 /* ELGroupedUnitCell.m */; };
		075B158D20F74A4E0081CD48 /* ELCommonLinearCell.m in Sources */ = {isa = PBXBuildFile; fileRef = 075B158320F74A4E0081CD48 /* ELCommonLinearCell.m */; };
		075B158E20F74A4E0081CD48 /* ELInsertionSortCell.m in Sources */ = {isa = PBXBuildFile; fileRef = 075B158420F74A4E0081CD48 /* ELInsertionSortCell.m */; };
		075B158F20F74A4E0081CD48 /* ELCollectionCell.m in Sources */ = {isa = PBXBuildFile; fileRef = 075B158520F74A4E0081CD48 /* ELCollectionCell.m */; };
		075B159020F74A4E0081CD48 /* SortNameCollectionCell.m in Sources */ = {isa = PBXBuildFile; fileRef = 075B158620F74A4E0081CD48 /* SortNameCollectionCell.m */; };
		075B15A120F74C2D0081CD48 /* SelectOrderController.m in Sources */ = {isa = PBXBuildFile; fileRef = 075B159A20F74C2D0081CD48 /* SelectOrderController.m */; };
		075B15A220F74C2D0081CD48 /* SelectionSorter.m in Sources */ = {isa = PBXBuildFile; fileRef = 075B159B20F74C2D0081CD48 /* SelectionSorter.m */; };
		075B15A320F74C2D0081CD48 /* SelectFlowController.m in Sources */ = {isa = PBXBuildFile; fileRef = 075B159D20F74C2D0081CD48 /* SelectFlowController.m */; };
		075B15A420F74C2D0081CD48 /* SelectController.m in Sources */ = {isa = PBXBuildFile; fileRef = 075B159F20F74C2D0081CD48 /* SelectController.m */; };
		075B15A520F74C2D0081CD48 /* SelectHeapController.m in Sources */ = {isa = PBXBuildFile; fileRef = 075B15A020F74C2D0081CD48 /* SelectHeapController.m */; };
		07BB0CC320F73DDD00B2BCA7 /* AppDelegate.m in Sources */ = {isa = PBXBuildFile; fileRef = 07BB0CC220F73DDD00B2BCA7 /* AppDelegate.m */; };
		07BB0CC620F73DDD00B2BCA7 /* ViewController.m in Sources */ = {isa = PBXBuildFile; fileRef = 07BB0CC520F73DDD00B2BCA7 /* ViewController.m */; };
		07BB0CC920F73DDD00B2BCA7 /* Main.storyboard in Resources */ = {isa = PBXBuildFile; fileRef = 07BB0CC720F73DDD00B2BCA7 /* Main.storyboard */; };
		07BB0CCB20F73DDF00B2BCA7 /* Assets.xcassets in Resources */ = {isa = PBXBuildFile; fileRef = 07BB0CCA20F73DDF00B2BCA7 /* Assets.xcassets */; };
		07BB0CCE20F73DDF00B2BCA7 /* LaunchScreen.storyboard in Resources */ = {isa = PBXBuildFile; fileRef = 07BB0CCC20F73DDF00B2BCA7 /* LaunchScreen.storyboard */; };
		07BB0CD120F73DDF00B2BCA7 /* main.m in Sources */ = {isa = PBXBuildFile; fileRef = 07BB0CD020F73DDF00B2BCA7 /* main.m */; };
		07BB28E520F7535C00909AFE /* SettingViewController2.m in Sources */ = {isa = PBXBuildFile; fileRef = 07BB28E420F7535C00909AFE /* SettingViewController2.m */; };
		07BB28E820F7550C00909AFE /* SwitchCell2.m in Sources */ = {isa = PBXBuildFile; fileRef = 07BB28E720F7550C00909AFE /* SwitchCell2.m */; };
		07BB28F420F7645200909AFE /* ChineseToPinyinResource.m in Sources */ = {isa = PBXBuildFile; fileRef = 07BB28F320F7645200909AFE /* ChineseToPinyinResource.m */; };
		07BB28F720F7668300909AFE /* HanyuPinyinOutputFormat.m in Sources */ = {isa = PBXBuildFile; fileRef = 07BB28F620F7668300909AFE /* HanyuPinyinOutputFormat.m */; };
		07BB28FA20F7671200909AFE /* NSString+PinYin4Cocoa.m in Sources */ = {isa = PBXBuildFile; fileRef = 07BB28F920F7671200909AFE /* NSString+PinYin4Cocoa.m */; };
		07BB28FD20F7683600909AFE /* PinyinFormatter.m in Sources */ = {isa = PBXBuildFile; fileRef = 07BB28FB20F7683600909AFE /* PinyinFormatter.m */; };
		07BB290020F7690300909AFE /* PinyinHelper.m in Sources */ = {isa = PBXBuildFile; fileRef = 07BB28FE20F7690300909AFE /* PinyinHelper.m */; };
		07BB290220F769A100909AFE /* unicode_to_hanyu_pinyin.txt in Resources */ = {isa = PBXBuildFile; fileRef = 07BB290120F769A100909AFE /* unicode_to_hanyu_pinyin.txt */; };
		07D609B820FC603C00838E3A /* SelectTravesalController.m in Sources */ = {isa = PBXBuildFile; fileRef = 07D609B720FC603C00838E3A /* SelectTravesalController.m */; };
		07D609BB20FCB2A700838E3A /* TravesingController.m in Sources */ = {isa = PBXBuildFile; fileRef = 07D609BA20FCB2A700838E3A /* TravesingController.m */; };
		07FCF1FA20FCDD4B00C071DF /* SortDescriptionController.m in Sources */ = {isa = PBXBuildFile; fileRef = 07FCF1F920FCDD4B00C071DF /* SortDescriptionController.m */; };
		0AC5B8A422514E31F88FF369 /* Pods_DS_playgound.framework in Frameworks */ = {isa = PBXBuildFile; fileRef = A1FD786A0A326F251D0F22F5 /* Pods_DS_playgound.framework */; };
/* End PBXBuildFile section */

/* Begin PBXFileReference section */
		070D71D820F74CA300175D20 /* UILabel+init.m */ = {isa = PBXFileReference; fileEncoding = 4; lastKnownFileType = sourcecode.c.objc; path = "UILabel+init.m"; sourceTree = "<group>"; };
		070D71D920F74CA300175D20 /* UIView+frameProperty.m */ = {isa = PBXFileReference; fileEncoding = 4; lastKnownFileType = sourcecode.c.objc; path = "UIView+frameProperty.m"; sourceTree = "<group>"; };
		070D71DA20F74CA300175D20 /* UILabel+init.h */ = {isa = PBXFileReference; fileEncoding = 4; lastKnownFileType = sourcecode.c.h; path = "UILabel+init.h"; sourceTree = "<group>"; };
		070D71DB20F74CA300175D20 /* UIImage+operations.m */ = {isa = PBXFileReference; fileEncoding = 4; lastKnownFileType = sourcecode.c.objc; path = "UIImage+operations.m"; sourceTree = "<group>"; };
		070D71DC20F74CA300175D20 /* UIViewController+funcs.m */ = {isa = PBXFileReference; fileEncoding = 4; lastKnownFileType = sourcecode.c.objc; path = "UIViewController+funcs.m"; sourceTree = "<group>"; };
		070D71DD20F74CA300175D20 /* UIImage+operations.h */ = {isa = PBXFileReference; fileEncoding = 4; lastKnownFileType = sourcecode.c.h; path = "UIImage+operations.h"; sourceTree = "<group>"; };
		070D71DE20F74CA300175D20 /* UIButton+init.h */ = {isa = PBXFileReference; fileEncoding = 4; lastKnownFileType = sourcecode.c.h; path = "UIButton+init.h"; sourceTree = "<group>"; };
		070D71DF20F74CA300175D20 /* UIButton+init.m */ = {isa = PBXFileReference; fileEncoding = 4; lastKnownFileType = sourcecode.c.objc; path = "UIButton+init.m"; sourceTree = "<group>"; };
		070D71E020F74CA300175D20 /* UIView+frameProperty.h */ = {isa = PBXFileReference; fileEncoding = 4; lastKnownFileType = sourcecode.c.h; path = "UIView+frameProperty.h"; sourceTree = "<group>"; };
		070D71E120F74CA300175D20 /* UIView+funcs.h */ = {isa = PBXFileReference; fileEncoding = 4; lastKnownFileType = sourcecode.c.h; path = "UIView+funcs.h"; sourceTree = "<group>"; };
		070D71E220F74CA300175D20 /* UIView+funcs.m */ = {isa = PBXFileReference; fileEncoding = 4; lastKnownFileType = sourcecode.c.objc; path = "UIView+funcs.m"; sourceTree = "<group>"; };
		070D71E320F74CA300175D20 /* UIViewController+funcs.h */ = {isa = PBXFileReference; fileEncoding = 4; lastKnownFileType = sourcecode.c.h; path = "UIViewController+funcs.h"; sourceTree = "<group>"; };
		070D71EA20F74CB900175D20 /* Common.m */ = {isa = PBXFileReference; fileEncoding = 4; lastKnownFileType = sourcecode.c.objc; path = Common.m; sourceTree = "<group>"; };
		070D71EB20F74CB900175D20 /* DataTransmitter.h */ = {isa = PBXFileReference; fileEncoding = 4; lastKnownFileType = sourcecode.c.h; path = DataTransmitter.h; sourceTree = "<group>"; };
		070D71EC20F74CB900175D20 /* Definition.h */ = {isa = PBXFileReference; fileEncoding = 4; lastKnownFileType = sourcecode.c.h; path = Definition.h; sourceTree = "<group>"; };
		070D71ED20F74CB900175D20 /* Common.h */ = {isa = PBXFileReference; fileEncoding = 4; lastKnownFileType = sourcecode.c.h; path = Common.h; sourceTree = "<group>"; };
		070D71EF20F74CE600175D20 /* InsertionSorter.m */ = {isa = PBXFileReference; fileEncoding = 4; lastKnownFileType = sourcecode.c.objc; path = InsertionSorter.m; sourceTree = "<group>"; };
		070D71F020F74CE600175D20 /* Sorters.h */ = {isa = PBXFileReference; fileEncoding = 4; lastKnownFileType = sourcecode.c.h; path = Sorters.h; sourceTree = "<group>"; };
		070D71F120F74CE600175D20 /* BubbleSorter.m */ = {isa = PBXFileReference; fileEncoding = 4; lastKnownFileType = sourcecode.c.objc; path = BubbleSorter.m; sourceTree = "<group>"; };
		070D71F220F74CE600175D20 /* HeapSorter.m */ = {isa = PBXFileReference; fileEncoding = 4; lastKnownFileType = sourcecode.c.objc; path = HeapSorter.m; sourceTree = "<group>"; };
		070D71F320F74CE600175D20 /* LinearSorter.m */ = {isa = PBXFileReference; fileEncoding = 4; lastKnownFileType = sourcecode.c.objc; path = LinearSorter.m; sourceTree = "<group>"; };
		070D71F420F74CE600175D20 /* QuickSorter.mm */ = {isa = PBXFileReference; fileEncoding = 4; lastKnownFileType = sourcecode.cpp.objcpp; path = QuickSorter.mm; sourceTree = "<group>"; };
		070D71FD20F74EFE00175D20 /* SortMainController.m */ = {isa = PBXFileReference; fileEncoding = 4; lastKnownFileType = sourcecode.c.objc; path = SortMainController.m; sourceTree = "<group>"; };
		070D71FE20F74EFE00175D20 /* SortMainController.h */ = {isa = PBXFileReference; fileEncoding = 4; lastKnownFileType = sourcecode.c.h; path = SortMainController.h; sourceTree = "<group>"; };
		070D720020F74F1D00175D20 /* SortingViewController.m */ = {isa = PBXFileReference; fileEncoding = 4; lastKnownFileType = sourcecode.c.objc; path = SortingViewController.m; sourceTree = "<group>"; };
		070D720120F74F1D00175D20 /* ConfigSortController.h */ = {isa = PBXFileReference; fileEncoding = 4; lastKnownFileType = sourcecode.c.h; path = ConfigSortController.h; sourceTree = "<group>"; };
		070D720220F74F1E00175D20 /* SortingViewController.h */ = {isa = PBXFileReference; fileEncoding = 4; lastKnownFileType = sourcecode.c.h; path = SortingViewController.h; sourceTree = "<group>"; };
		070D720320F74F1E00175D20 /* ConfigSortController.m */ = {isa = PBXFileReference; fileEncoding = 4; lastKnownFileType = sourcecode.c.objc; path = ConfigSortController.m; sourceTree = "<group>"; };
		071BDA3120F8A57100D10F53 /* TextFieldCell.h */ = {isa = PBXFileReference; lastKnownFileType = sourcecode.c.h; path = TextFieldCell.h; sourceTree = "<group>"; };
		071BDA3620F8A71500D10F53 /* TextFieldCell.m */ = {isa = PBXFileReference; fileEncoding = 4; lastKnownFileType = sourcecode.c.objc; path = TextFieldCell.m; sourceTree = "<group>"; };
		075B156A20F749EA0081CD48 /* Compare.h */ = {isa = PBXFileReference; fileEncoding = 4; lastKnownFileType = sourcecode.c.h; path = Compare.h; sourceTree = "<group>"; };
		075B156B20F749EA0081CD48 /* MyComparator.h */ = {isa = PBXFileReference; fileEncoding = 4; lastKnownFileType = sourcecode.c.h; path = MyComparator.h; sourceTree = "<group>"; };
		075B156C20F749EA0081CD48 /* MyComparator.m */ = {isa = PBXFileReference; fileEncoding = 4; lastKnownFileType = sourcecode.c.objc; path = MyComparator.m; sourceTree = "<group>"; };
		075B156E20F74A010081CD48 /* Sorter.h */ = {isa = PBXFileReference; fileEncoding = 4; lastKnownFileType = sourcecode.c.h; path = Sorter.h; sourceTree = "<group>"; };
		075B156F20F74A010081CD48 /* SortBaseClass.h */ = {isa = PBXFileReference; fileEncoding = 4; lastKnownFileType = sourcecode.c.h; path = SortBaseClass.h; sourceTree = "<group>"; };
		075B157020F74A010081CD48 /* SortBaseClass.m */ = {isa = PBXFileReference; fileEncoding = 4; lastKnownFileType = sourcecode.c.objc; path = SortBaseClass.m; sourceTree = "<group>"; };
		075B157820F74A4E0081CD48 /* ELRepeatLinearCell.m */ = {isa = PBXFileReference; fileEncoding = 4; lastKnownFileType = sourcecode.c.objc; path = ELRepeatLinearCell.m; sourceTree = "<group>"; };
		075B157920F74A4E0081CD48 /* ELLinearUnitCell.h */ = {isa = PBXFileReference; fileEncoding = 4; lastKnownFileType = sourcecode.c.h; path = ELLinearUnitCell.h; sourceTree = "<group>"; };
		075B157A20F74A4E0081CD48 /* ELCommonLinearCell.h */ = {isa = PBXFileReference; fileEncoding = 4; lastKnownFileType = sourcecode.c.h; path = ELCommonLinearCell.h; sourceTree = "<group>"; };
		075B157B20F74A4E0081CD48 /* ELTreeUnitCell.h */ = {isa = PBXFileReference; fileEncoding = 4; lastKnownFileType = sourcecode.c.h; path = ELTreeUnitCell.h; sourceTree = "<group>"; };
		075B157C20F74A4E0081CD48 /* ELCollectionCell.h */ = {isa = PBXFileReference; fileEncoding = 4; lastKnownFileType = sourcecode.c.h; path = ELCollectionCell.h; sourceTree = "<group>"; };
		075B157D20F74A4E0081CD48 /* ELGroupedUnitCell.h */ = {isa = PBXFileReference; fileEncoding = 4; lastKnownFileType = sourcecode.c.h; path = ELGroupedUnitCell.h; sourceTree = "<group>"; };
		075B157E20F74A4E0081CD48 /* ELTreeUnitCell.m */ = {isa = PBXFileReference; fileEncoding = 4; lastKnownFileType = sourcecode.c.objc; path = ELTreeUnitCell.m; sourceTree = "<group>"; };
		075B157F20F74A4E0081CD48 /* SortNameCollectionCell.h */ = {isa = PBXFileReference; fileEncoding = 4; lastKnownFileType = sourcecode.c.h; path = SortNameCollectionCell.h; sourceTree = "<group>"; };
		075B158020F74A4E0081CD48 /* ELInsertionSortCell.h */ = {isa = PBXFileReference; fileEncoding = 4; lastKnownFileType = sourcecode.c.h; path = ELInsertionSortCell.h; sourceTree = "<group>"; };
		075B158120F74A4E0081CD48 /* ELLinearUnitCell.m */ = {isa = PBXFileReference; fileEncoding = 4; lastKnownFileType = sourcecode.c.objc; path = ELLinearUnitCell.m; sourceTree = "<group>"; };
		075B158220F74A4E0081CD48 /* ELGroupedUnitCell.m */ = {isa = PBXFileReference; fileEncoding = 4; lastKnownFileType = sourcecode.c.objc; path = ELGroupedUnitCell.m; sourceTree = "<group>"; };
		075B158320F74A4E0081CD48 /* ELCommonLinearCell.m */ = {isa = PBXFileReference; fileEncoding = 4; lastKnownFileType = sourcecode.c.objc; path = ELCommonLinearCell.m; sourceTree = "<group>"; };
		075B158420F74A4E0081CD48 /* ELInsertionSortCell.m */ = {isa = PBXFileReference; fileEncoding = 4; lastKnownFileType = sourcecode.c.objc; path = ELInsertionSortCell.m; sourceTree = "<group>"; };
		075B158520F74A4E0081CD48 /* ELCollectionCell.m */ = {isa = PBXFileReference; fileEncoding = 4; lastKnownFileType = sourcecode.c.objc; path = ELCollectionCell.m; sourceTree = "<group>"; };
		075B158620F74A4E0081CD48 /* SortNameCollectionCell.m */ = {isa = PBXFileReference; fileEncoding = 4; lastKnownFileType = sourcecode.c.objc; path = SortNameCollectionCell.m; sourceTree = "<group>"; };
		075B158720F74A4E0081CD48 /* ELRepeatLinearCell.h */ = {isa = PBXFileReference; fileEncoding = 4; lastKnownFileType = sourcecode.c.h; path = ELRepeatLinearCell.h; sourceTree = "<group>"; };
		075B158820F74A4E0081CD48 /* SortCell.h */ = {isa = PBXFileReference; fileEncoding = 4; lastKnownFileType = sourcecode.c.h; path = SortCell.h; sourceTree = "<group>"; };
		075B159720F74C2C0081CD48 /* SelectOrderController.h */ = {isa = PBXFileReference; fileEncoding = 4; lastKnownFileType = sourcecode.c.h; path = SelectOrderController.h; sourceTree = "<group>"; };
		075B159820F74C2C0081CD48 /* SelectFlowController.h */ = {isa = PBXFileReference; fileEncoding = 4; lastKnownFileType = sourcecode.c.h; path = SelectFlowController.h; sourceTree = "<group>"; };
		075B159920F74C2D0081CD48 /* SelectController.h */ = {isa = PBXFileReference; fileEncoding = 4; lastKnownFileType = sourcecode.c.h; path = SelectController.h; sourceTree = "<group>"; };
		075B159A20F74C2D0081CD48 /* SelectOrderController.m */ = {isa = PBXFileReference; fileEncoding = 4; lastKnownFileType = sourcecode.c.objc; path = SelectOrderController.m; sourceTree = "<group>"; };
		075B159B20F74C2D0081CD48 /* SelectionSorter.m */ = {isa = PBXFileReference; fileEncoding = 4; lastKnownFileType = sourcecode.c.objc; path = SelectionSorter.m; sourceTree = "<group>"; };
		075B159D20F74C2D0081CD48 /* SelectFlowController.m */ = {isa = PBXFileReference; fileEncoding = 4; lastKnownFileType = sourcecode.c.objc; path = SelectFlowController.m; sourceTree = "<group>"; };
		075B159E20F74C2D0081CD48 /* SelectHeapController.h */ = {isa = PBXFileReference; fileEncoding = 4; lastKnownFileType = sourcecode.c.h; path = SelectHeapController.h; sourceTree = "<group>"; };
		075B159F20F74C2D0081CD48 /* SelectController.m */ = {isa = PBXFileReference; fileEncoding = 4; lastKnownFileType = sourcecode.c.objc; path = SelectController.m; sourceTree = "<group>"; };
		075B15A020F74C2D0081CD48 /* SelectHeapController.m */ = {isa = PBXFileReference; fileEncoding = 4; lastKnownFileType = sourcecode.c.objc; path = SelectHeapController.m; sourceTree = "<group>"; };
		07BB0CBE20F73DDD00B2BCA7 /* DS_playgound.app */ = {isa = PBXFileReference; explicitFileType = wrapper.application; includeInIndex = 0; path = DS_playgound.app; sourceTree = BUILT_PRODUCTS_DIR; };
		07BB0CC120F73DDD00B2BCA7 /* AppDelegate.h */ = {isa = PBXFileReference; lastKnownFileType = sourcecode.c.h; path = AppDelegate.h; sourceTree = "<group>"; };
		07BB0CC220F73DDD00B2BCA7 /* AppDelegate.m */ = {isa = PBXFileReference; lastKnownFileType = sourcecode.c.objc; path = AppDelegate.m; sourceTree = "<group>"; };
		07BB0CC420F73DDD00B2BCA7 /* ViewController.h */ = {isa = PBXFileReference; lastKnownFileType = sourcecode.c.h; path = ViewController.h; sourceTree = "<group>"; };
		07BB0CC520F73DDD00B2BCA7 /* ViewController.m */ = {isa = PBXFileReference; lastKnownFileType = sourcecode.c.objc; path = ViewController.m; sourceTree = "<group>"; };
		07BB0CC820F73DDD00B2BCA7 /* Base */ = {isa = PBXFileReference; lastKnownFileType = file.storyboard; name = Base; path = Base.lproj/Main.storyboard; sourceTree = "<group>"; };
		07BB0CCA20F73DDF00B2BCA7 /* Assets.xcassets */ = {isa = PBXFileReference; lastKnownFileType = folder.assetcatalog; path = Assets.xcassets; sourceTree = "<group>"; };
		07BB0CCD20F73DDF00B2BCA7 /* Base */ = {isa = PBXFileReference; lastKnownFileType = file.storyboard; name = Base; path = Base.lproj/LaunchScreen.storyboard; sourceTree = "<group>"; };
		07BB0CCF20F73DDF00B2BCA7 /* Info.plist */ = {isa = PBXFileReference; lastKnownFileType = text.plist.xml; path = Info.plist; sourceTree = "<group>"; };
		07BB0CD020F73DDF00B2BCA7 /* main.m */ = {isa = PBXFileReference; lastKnownFileType = sourcecode.c.objc; path = main.m; sourceTree = "<group>"; };
		07BB28E320F7535C00909AFE /* SettingViewController2.h */ = {isa = PBXFileReference; lastKnownFileType = sourcecode.c.h; path = SettingViewController2.h; sourceTree = "<group>"; };
		07BB28E420F7535C00909AFE /* SettingViewController2.m */ = {isa = PBXFileReference; lastKnownFileType = sourcecode.c.objc; path = SettingViewController2.m; sourceTree = "<group>"; };
		07BB28E620F7550C00909AFE /* SwitchCell2.h */ = {isa = PBXFileReference; lastKnownFileType = sourcecode.c.h; path = SwitchCell2.h; sourceTree = "<group>"; };
		07BB28E720F7550C00909AFE /* SwitchCell2.m */ = {isa = PBXFileReference; lastKnownFileType = sourcecode.c.objc; path = SwitchCell2.m; sourceTree = "<group>"; };
		07BB28F220F7645200909AFE /* ChineseToPinyinResource.h */ = {isa = PBXFileReference; fileEncoding = 4; lastKnownFileType = sourcecode.c.h; name = ChineseToPinyinResource.h; path = PinYinConverter/ChineseToPinyinResource.h; sourceTree = "<group>"; };
		07BB28F320F7645200909AFE /* ChineseToPinyinResource.m */ = {isa = PBXFileReference; fileEncoding = 4; lastKnownFileType = sourcecode.c.objc; name = ChineseToPinyinResource.m; path = PinYinConverter/ChineseToPinyinResource.m; sourceTree = "<group>"; };
		07BB28F520F7668300909AFE /* HanyuPinyinOutputFormat.h */ = {isa = PBXFileReference; fileEncoding = 4; lastKnownFileType = sourcecode.c.h; name = HanyuPinyinOutputFormat.h; path = PinYinConverter/HanyuPinyinOutputFormat.h; sourceTree = "<group>"; };
		07BB28F620F7668300909AFE /* HanyuPinyinOutputFormat.m */ = {isa = PBXFileReference; fileEncoding = 4; lastKnownFileType = sourcecode.c.objc; name = HanyuPinyinOutputFormat.m; path = PinYinConverter/HanyuPinyinOutputFormat.m; sourceTree = "<group>"; };
		07BB28F820F7671200909AFE /* NSString+PinYin4Cocoa.h */ = {isa = PBXFileReference; fileEncoding = 4; lastKnownFileType = sourcecode.c.h; name = "NSString+PinYin4Cocoa.h"; path = "PinYinConverter/NSString+PinYin4Cocoa.h"; sourceTree = "<group>"; };
		07BB28F920F7671200909AFE /* NSString+PinYin4Cocoa.m */ = {isa = PBXFileReference; fileEncoding = 4; lastKnownFileType = sourcecode.c.objc; name = "NSString+PinYin4Cocoa.m"; path = "PinYinConverter/NSString+PinYin4Cocoa.m"; sourceTree = "<group>"; };
		07BB28FB20F7683600909AFE /* PinyinFormatter.m */ = {isa = PBXFileReference; fileEncoding = 4; lastKnownFileType = sourcecode.c.objc; name = PinyinFormatter.m; path = PinYinConverter/PinyinFormatter.m; sourceTree = "<group>"; };
		07BB28FC20F7683600909AFE /* PinyinFormatter.h */ = {isa = PBXFileReference; fileEncoding = 4; lastKnownFileType = sourcecode.c.h; name = PinyinFormatter.h; path = PinYinConverter/PinyinFormatter.h; sourceTree = "<group>"; };
		07BB28FE20F7690300909AFE /* PinyinHelper.m */ = {isa = PBXFileReference; fileEncoding = 4; lastKnownFileType = sourcecode.c.objc; name = PinyinHelper.m; path = PinYinConverter/PinyinHelper.m; sourceTree = "<group>"; };
		07BB28FF20F7690300909AFE /* PinyinHelper.h */ = {isa = PBXFileReference; fileEncoding = 4; lastKnownFileType = sourcecode.c.h; name = PinyinHelper.h; path = PinYinConverter/PinyinHelper.h; sourceTree = "<group>"; };
		07BB290120F769A100909AFE /* unicode_to_hanyu_pinyin.txt */ = {isa = PBXFileReference; fileEncoding = 4; lastKnownFileType = text; name = unicode_to_hanyu_pinyin.txt; path = PinYinConverter/unicode_to_hanyu_pinyin.txt; sourceTree = "<group>"; };
		07D609B620FC603C00838E3A /* SelectTravesalController.h */ = {isa = PBXFileReference; lastKnownFileType = sourcecode.c.h; path = SelectTravesalController.h; sourceTree = "<group>"; };
		07D609B720FC603C00838E3A /* SelectTravesalController.m */ = {isa = PBXFileReference; lastKnownFileType = sourcecode.c.objc; path = SelectTravesalController.m; sourceTree = "<group>"; };
		07D609B920FCB2A700838E3A /* TravesingController.h */ = {isa = PBXFileReference; lastKnownFileType = sourcecode.c.h; path = TravesingController.h; sourceTree = "<group>"; };
		07D609BA20FCB2A700838E3A /* TravesingController.m */ = {isa = PBXFileReference; lastKnownFileType = sourcecode.c.objc; path = TravesingController.m; sourceTree = "<group>"; };
		07FCF1F820FCDD4B00C071DF /* SortDescriptionController.h */ = {isa = PBXFileReference; lastKnownFileType = sourcecode.c.h; path = SortDescriptionController.h; sourceTree = "<group>"; };
		07FCF1F920FCDD4B00C071DF /* SortDescriptionController.m */ = {isa = PBXFileReference; lastKnownFileType = sourcecode.c.objc; path = SortDescriptionController.m; sourceTree = "<group>"; };
		33779D1955637EAD3502E930 /* Pods-DS_playgound.debug.xcconfig */ = {isa = PBXFileReference; includeInIndex = 1; lastKnownFileType = text.xcconfig; name = "Pods-DS_playgound.debug.xcconfig"; path = "Pods/Target Support Files/Pods-DS_playgound/Pods-DS_playgound.debug.xcconfig"; sourceTree = "<group>"; };
		47DB74C7777C6EB771836EB6 /* Pods-DS_playgound.release.xcconfig */ = {isa = PBXFileReference; includeInIndex = 1; lastKnownFileType = text.xcconfig; name = "Pods-DS_playgound.release.xcconfig"; path = "Pods/Target Support Files/Pods-DS_playgound/Pods-DS_playgound.release.xcconfig"; sourceTree = "<group>"; };
		A1FD786A0A326F251D0F22F5 /* Pods_DS_playgound.framework */ = {isa = PBXFileReference; explicitFileType = wrapper.framework; includeInIndex = 0; path = Pods_DS_playgound.framework; sourceTree = BUILT_PRODUCTS_DIR; };
/* End PBXFileReference section */

/* Begin PBXFrameworksBuildPhase section */
		07BB0CBB20F73DDD00B2BCA7 /* Frameworks */ = {
			isa = PBXFrameworksBuildPhase;
			buildActionMask = 2147483647;
			files = (
				0AC5B8A422514E31F88FF369 /* Pods_DS_playgound.framework in Frameworks */,
			);
			runOnlyForDeploymentPostprocessing = 0;
		};
/* End PBXFrameworksBuildPhase section */

/* Begin PBXGroup section */
		075B155B20F7445B0081CD48 /* Liu */ = {
			isa = PBXGroup;
			children = (
				07DFBB7720FBA25200D23E9A /* Traversal */,
				075B155E20F748EE0081CD48 /* SorterModel */,
				075B156820F7498C0081CD48 /* SortController */,
				075B156720F749770081CD48 /* SortMain */,
				075B156620F7496C0081CD48 /* SelectController */,
				075B156520F749600081CD48 /* SettingController */,
				075B156420F749580081CD48 /* Extension */,
				075B156320F7494E0081CD48 /* Common */,
			);
			name = Liu;
			sourceTree = "<group>";
		};
		075B155C20F744840081CD48 /* Zhao */ = {
			isa = PBXGroup;
			children = (
			);
			name = Zhao;
			sourceTree = "<group>";
		};
		075B155D20F744D00081CD48 /* Main */ = {
			isa = PBXGroup;
			children = (
				07BB0CC420F73DDD00B2BCA7 /* ViewController.h */,
				07BB0CC520F73DDD00B2BCA7 /* ViewController.m */,
			);
			name = Main;
			sourceTree = "<group>";
		};
		075B155E20F748EE0081CD48 /* SorterModel */ = {
			isa = PBXGroup;
			children = (
				075B156120F749160081CD48 /* SorterImplementation */,
				075B156020F7490E0081CD48 /* SortBase */,
				075B155F20F748FF0081CD48 /* Compare */,
			);
			name = SorterModel;
			sourceTree = "<group>";
		};
		075B155F20F748FF0081CD48 /* Compare */ = {
			isa = PBXGroup;
			children = (
				075B156A20F749EA0081CD48 /* Compare.h */,
				075B156B20F749EA0081CD48 /* MyComparator.h */,
				075B156C20F749EA0081CD48 /* MyComparator.m */,
			);
			name = Compare;
			sourceTree = "<group>";
		};
		075B156020F7490E0081CD48 /* SortBase */ = {
			isa = PBXGroup;
			children = (
				075B156E20F74A010081CD48 /* Sorter.h */,
				075B156F20F74A010081CD48 /* SortBaseClass.h */,
				075B157020F74A010081CD48 /* SortBaseClass.m */,
			);
			name = SortBase;
			sourceTree = "<group>";
		};
		075B156120F749160081CD48 /* SorterImplementation */ = {
			isa = PBXGroup;
			children = (
				070D71F020F74CE600175D20 /* Sorters.h */,
				070D71F120F74CE600175D20 /* BubbleSorter.m */,
				075B159B20F74C2D0081CD48 /* SelectionSorter.m */,
				070D71F220F74CE600175D20 /* HeapSorter.m */,
				070D71EF20F74CE600175D20 /* InsertionSorter.m */,
				070D71F320F74CE600175D20 /* LinearSorter.m */,
				070D71F420F74CE600175D20 /* QuickSorter.mm */,
			);
			name = SorterImplementation;
			sourceTree = "<group>";
		};
		075B156320F7494E0081CD48 /* Common */ = {
			isa = PBXGroup;
			children = (
				070D71EC20F74CB900175D20 /* Definition.h */,
				070D71ED20F74CB900175D20 /* Common.h */,
				070D71EA20F74CB900175D20 /* Common.m */,
				070D71EB20F74CB900175D20 /* DataTransmitter.h */,
			);
			name = Common;
			sourceTree = "<group>";
		};
		075B156420F749580081CD48 /* Extension */ = {
			isa = PBXGroup;
			children = (
				070D71DE20F74CA300175D20 /* UIButton+init.h */,
				070D71DF20F74CA300175D20 /* UIButton+init.m */,
				070D71DD20F74CA300175D20 /* UIImage+operations.h */,
				070D71DB20F74CA300175D20 /* UIImage+operations.m */,
				070D71DA20F74CA300175D20 /* UILabel+init.h */,
				070D71D820F74CA300175D20 /* UILabel+init.m */,
				070D71E020F74CA300175D20 /* UIView+frameProperty.h */,
				070D71D920F74CA300175D20 /* UIView+frameProperty.m */,
				070D71E120F74CA300175D20 /* UIView+funcs.h */,
				070D71E220F74CA300175D20 /* UIView+funcs.m */,
				070D71E320F74CA300175D20 /* UIViewController+funcs.h */,
				070D71DC20F74CA300175D20 /* UIViewController+funcs.m */,
				07BB28F820F7671200909AFE /* NSString+PinYin4Cocoa.h */,
				07BB28F920F7671200909AFE /* NSString+PinYin4Cocoa.m */,
			);
			name = Extension;
			sourceTree = "<group>";
		};
		075B156520F749600081CD48 /* SettingController */ = {
			isa = PBXGroup;
			children = (
				07BB28E620F7550C00909AFE /* SwitchCell2.h */,
				07BB28E720F7550C00909AFE /* SwitchCell2.m */,
				071BDA3120F8A57100D10F53 /* TextFieldCell.h */,
				071BDA3620F8A71500D10F53 /* TextFieldCell.m */,
				07BB28E320F7535C00909AFE /* SettingViewController2.h */,
				07BB28E420F7535C00909AFE /* SettingViewController2.m */,
			);
			name = SettingController;
			sourceTree = "<group>";
		};
		075B156620F7496C0081CD48 /* SelectController */ = {
			isa = PBXGroup;
			children = (
				075B159920F74C2D0081CD48 /* SelectController.h */,
				075B159F20F74C2D0081CD48 /* SelectController.m */,
				075B159820F74C2C0081CD48 /* SelectFlowController.h */,
				075B159D20F74C2D0081CD48 /* SelectFlowController.m */,
				075B159E20F74C2D0081CD48 /* SelectHeapController.h */,
				075B15A020F74C2D0081CD48 /* SelectHeapController.m */,
				075B159720F74C2C0081CD48 /* SelectOrderController.h */,
				075B159A20F74C2D0081CD48 /* SelectOrderController.m */,
			);
			name = SelectController;
			sourceTree = "<group>";
		};
		075B156720F749770081CD48 /* SortMain */ = {
			isa = PBXGroup;
			children = (
				070D71FE20F74EFE00175D20 /* SortMainController.h */,
				070D71FD20F74EFE00175D20 /* SortMainController.m */,
				075B157F20F74A4E0081CD48 /* SortNameCollectionCell.h */,
				075B158620F74A4E0081CD48 /* SortNameCollectionCell.m */,
			);
			name = SortMain;
			sourceTree = "<group>";
		};
		075B156820F7498C0081CD48 /* SortController */ = {
			isa = PBXGroup;
			children = (
				070D720120F74F1D00175D20 /* ConfigSortController.h */,
				070D720320F74F1E00175D20 /* ConfigSortController.m */,
				070D720220F74F1E00175D20 /* SortingViewController.h */,
				070D720020F74F1D00175D20 /* SortingViewController.m */,
				07FCF1F820FCDD4B00C071DF /* SortDescriptionController.h */,
				07FCF1F920FCDD4B00C071DF /* SortDescriptionController.m */,
				075B156920F749A90081CD48 /* Cells */,
			);
			name = SortController;
			sourceTree = "<group>";
		};
		075B156920F749A90081CD48 /* Cells */ = {
			isa = PBXGroup;
			children = (
				075B158820F74A4E0081CD48 /* SortCell.h */,
				075B159320F74A6A0081CD48 /* Base */,
				075B159220F74A630081CD48 /* TreeCell */,
				075B159120F74A550081CD48 /* LinearCell */,
			);
			name = Cells;
			sourceTree = "<group>";
		};
		075B159120F74A550081CD48 /* LinearCell */ = {
			isa = PBXGroup;
			children = (
				075B157920F74A4E0081CD48 /* ELLinearUnitCell.h */,
				075B158120F74A4E0081CD48 /* ELLinearUnitCell.m */,
				075B157A20F74A4E0081CD48 /* ELCommonLinearCell.h */,
				075B158320F74A4E0081CD48 /* ELCommonLinearCell.m */,
				075B157820F74A4E0081CD48 /* ELRepeatLinearCell.m */,
				075B158720F74A4E0081CD48 /* ELRepeatLinearCell.h */,
				075B158020F74A4E0081CD48 /* ELInsertionSortCell.h */,
				075B158420F74A4E0081CD48 /* ELInsertionSortCell.m */,
				075B157D20F74A4E0081CD48 /* ELGroupedUnitCell.h */,
				075B158220F74A4E0081CD48 /* ELGroupedUnitCell.m */,
			);
			name = LinearCell;
			sourceTree = "<group>";
		};
		075B159220F74A630081CD48 /* TreeCell */ = {
			isa = PBXGroup;
			children = (
				075B157B20F74A4E0081CD48 /* ELTreeUnitCell.h */,
				075B157E20F74A4E0081CD48 /* ELTreeUnitCell.m */,
			);
			name = TreeCell;
			sourceTree = "<group>";
		};
		075B159320F74A6A0081CD48 /* Base */ = {
			isa = PBXGroup;
			children = (
				075B157C20F74A4E0081CD48 /* ELCollectionCell.h */,
				075B158520F74A4E0081CD48 /* ELCollectionCell.m */,
			);
			name = Base;
			sourceTree = "<group>";
		};
		07BB0CB520F73DDD00B2BCA7 = {
			isa = PBXGroup;
			children = (
				07BB0CC020F73DDD00B2BCA7 /* DS_playgound */,
				07BB0CBF20F73DDD00B2BCA7 /* Products */,
				AA4B242DBAF06115C31F1A03 /* Pods */,
				CCBE7B408454807288664A09 /* Frameworks */,
			);
			sourceTree = "<group>";
		};
		07BB0CBF20F73DDD00B2BCA7 /* Products */ = {
			isa = PBXGroup;
			children = (
				07BB0CBE20F73DDD00B2BCA7 /* DS_playgound.app */,
			);
			name = Products;
			sourceTree = "<group>";
		};
		07BB0CC020F73DDD00B2BCA7 /* DS_playgound */ = {
			isa = PBXGroup;
			children = (
				075B155D20F744D00081CD48 /* Main */,
				075B155C20F744840081CD48 /* Zhao */,
				075B155B20F7445B0081CD48 /* Liu */,
				07BB0CD920F741EA00B2BCA7 /* support */,
			);
			path = DS_playgound;
			sourceTree = "<group>";
		};
		07BB0CD920F741EA00B2BCA7 /* support */ = {
			isa = PBXGroup;
			children = (
				07BB0CDB20F7421300B2BCA7 /* SDK */,
				07BB0CC120F73DDD00B2BCA7 /* AppDelegate.h */,
				07BB0CC220F73DDD00B2BCA7 /* AppDelegate.m */,
				07BB0CD020F73DDF00B2BCA7 /* main.m */,
				07BB0CCF20F73DDF00B2BCA7 /* Info.plist */,
				07BB0CCA20F73DDF00B2BCA7 /* Assets.xcassets */,
				07BB0CC720F73DDD00B2BCA7 /* Main.storyboard */,
				07BB0CCC20F73DDF00B2BCA7 /* LaunchScreen.storyboard */,
			);
			name = support;
			sourceTree = "<group>";
		};
		07BB0CDB20F7421300B2BCA7 /* SDK */ = {
			isa = PBXGroup;
			children = (
				07BB0CDE20F7427100B2BCA7 /* PinYinConverter */,
			);
			name = SDK;
			sourceTree = "<group>";
		};
		07BB0CDE20F7427100B2BCA7 /* PinYinConverter */ = {
			isa = PBXGroup;
			children = (
				07BB28F520F7668300909AFE /* HanyuPinyinOutputFormat.h */,
				07BB28F620F7668300909AFE /* HanyuPinyinOutputFormat.m */,
				07BB28F220F7645200909AFE /* ChineseToPinyinResource.h */,
				07BB28F320F7645200909AFE /* ChineseToPinyinResource.m */,
				07BB28FC20F7683600909AFE /* PinyinFormatter.h */,
				07BB28FB20F7683600909AFE /* PinyinFormatter.m */,
				07BB28FF20F7690300909AFE /* PinyinHelper.h */,
				07BB28FE20F7690300909AFE /* PinyinHelper.m */,
				07BB290120F769A100909AFE /* unicode_to_hanyu_pinyin.txt */,
			);
			name = PinYinConverter;
			sourceTree = "<group>";
		};
		07DFBB7720FBA25200D23E9A /* Traversal */ = {
			isa = PBXGroup;
			children = (
				07D609B620FC603C00838E3A /* SelectTravesalController.h */,
				07D609B720FC603C00838E3A /* SelectTravesalController.m */,
				07D609B920FCB2A700838E3A /* TravesingController.h */,
				07D609BA20FCB2A700838E3A /* TravesingController.m */,
			);
			name = Traversal;
			sourceTree = "<group>";
		};
		AA4B242DBAF06115C31F1A03 /* Pods */ = {
			isa = PBXGroup;
			children = (
				33779D1955637EAD3502E930 /* Pods-DS_playgound.debug.xcconfig */,
				47DB74C7777C6EB771836EB6 /* Pods-DS_playgound.release.xcconfig */,
			);
			name = Pods;
			sourceTree = "<group>";
		};
		CCBE7B408454807288664A09 /* Frameworks */ = {
			isa = PBXGroup;
			children = (
				A1FD786A0A326F251D0F22F5 /* Pods_DS_playgound.framework */,
			);
			name = Frameworks;
			sourceTree = "<group>";
		};
/* End PBXGroup section */

/* Begin PBXNativeTarget section */
		07BB0CBD20F73DDD00B2BCA7 /* DS_playgound */ = {
			isa = PBXNativeTarget;
			buildConfigurationList = 07BB0CD420F73DDF00B2BCA7 /* Build configuration list for PBXNativeTarget "DS_playgound" */;
			buildPhases = (
				D05C8DA31827DA9FCB8ED48E /* [CP] Check Pods Manifest.lock */,
				07BB0CBA20F73DDD00B2BCA7 /* Sources */,
				07BB0CBB20F73DDD00B2BCA7 /* Frameworks */,
				07BB0CBC20F73DDD00B2BCA7 /* Resources */,
				3AE3890DBCDBAAE37D7943EF /* [CP] Embed Pods Frameworks */,
				6186B35B98484972E68CDBFF /* [CP] Copy Pods Resources */,
			);
			buildRules = (
			);
			dependencies = (
			);
			name = DS_playgound;
			productName = DS_playgound;
			productReference = 07BB0CBE20F73DDD00B2BCA7 /* DS_playgound.app */;
			productType = "com.apple.product-type.application";
		};
/* End PBXNativeTarget section */

/* Begin PBXProject section */
		07BB0CB620F73DDD00B2BCA7 /* Project object */ = {
			isa = PBXProject;
			attributes = {
				LastUpgradeCheck = 1000;
				ORGANIZATIONNAME = SDU_iOS_LAB;
				TargetAttributes = {
					07BB0CBD20F73DDD00B2BCA7 = {
						CreatedOnToolsVersion = 10.0;
						ProvisioningStyle = Automatic;
					};
				};
			};
			buildConfigurationList = 07BB0CB920F73DDD00B2BCA7 /* Build configuration list for PBXProject "DS_playgound" */;
			compatibilityVersion = "Xcode 8.0";
			developmentRegion = en;
			hasScannedForEncodings = 0;
			knownRegions = (
				en,
				Base,
			);
			mainGroup = 07BB0CB520F73DDD00B2BCA7;
			productRefGroup = 07BB0CBF20F73DDD00B2BCA7 /* Products */;
			projectDirPath = "";
			projectRoot = "";
			targets = (
				07BB0CBD20F73DDD00B2BCA7 /* DS_playgound */,
			);
		};
/* End PBXProject section */

/* Begin PBXResourcesBuildPhase section */
		07BB0CBC20F73DDD00B2BCA7 /* Resources */ = {
			isa = PBXResourcesBuildPhase;
			buildActionMask = 2147483647;
			files = (
				07BB290220F769A100909AFE /* unicode_to_hanyu_pinyin.txt in Resources */,
				07BB0CCE20F73DDF00B2BCA7 /* LaunchScreen.storyboard in Resources */,
				07BB0CCB20F73DDF00B2BCA7 /* Assets.xcassets in Resources */,
				07BB0CC920F73DDD00B2BCA7 /* Main.storyboard in Resources */,
			);
			runOnlyForDeploymentPostprocessing = 0;
		};
/* End PBXResourcesBuildPhase section */

/* Begin PBXShellScriptBuildPhase section */
		3AE3890DBCDBAAE37D7943EF /* [CP] Embed Pods Frameworks */ = {
			isa = PBXShellScriptBuildPhase;
			buildActionMask = 2147483647;
			files = (
			);
			inputPaths = (
				"${SRCROOT}/Pods/Target Support Files/Pods-DS_playgound/Pods-DS_playgound-frameworks.sh",
				"${BUILT_PRODUCTS_DIR}/Masonry/Masonry.framework",
			);
			name = "[CP] Embed Pods Frameworks";
			outputPaths = (
				"${TARGET_BUILD_DIR}/${FRAMEWORKS_FOLDER_PATH}/Masonry.framework",
			);
			runOnlyForDeploymentPostprocessing = 0;
			shellPath = /bin/sh;
			shellScript = "\"${SRCROOT}/Pods/Target Support Files/Pods-DS_playgound/Pods-DS_playgound-frameworks.sh\"\n";
			showEnvVarsInLog = 0;
		};
		6186B35B98484972E68CDBFF /* [CP] Copy Pods Resources */ = {
			isa = PBXShellScriptBuildPhase;
			buildActionMask = 2147483647;
			files = (
			);
			inputPaths = (
			);
			name = "[CP] Copy Pods Resources";
			outputPaths = (
			);
			runOnlyForDeploymentPostprocessing = 0;
			shellPath = /bin/sh;
			shellScript = "\"${SRCROOT}/Pods/Target Support Files/Pods-DS_playgound/Pods-DS_playgound-resources.sh\"\n";
			showEnvVarsInLog = 0;
		};
		D05C8DA31827DA9FCB8ED48E /* [CP] Check Pods Manifest.lock */ = {
			isa = PBXShellScriptBuildPhase;
			buildActionMask = 2147483647;
			files = (
			);
			inputPaths = (
				"${PODS_PODFILE_DIR_PATH}/Podfile.lock",
				"${PODS_ROOT}/Manifest.lock",
			);
			name = "[CP] Check Pods Manifest.lock";
			outputPaths = (
				"$(DERIVED_FILE_DIR)/Pods-DS_playgound-checkManifestLockResult.txt",
			);
			runOnlyForDeploymentPostprocessing = 0;
			shellPath = /bin/sh;
			shellScript = "diff \"${PODS_PODFILE_DIR_PATH}/Podfile.lock\" \"${PODS_ROOT}/Manifest.lock\" > /dev/null\nif [ $? != 0 ] ; then\n    # print error to STDERR\n    echo \"error: The sandbox is not in sync with the Podfile.lock. Run 'pod install' or update your CocoaPods installation.\" >&2\n    exit 1\nfi\n# This output is used by Xcode 'outputs' to avoid re-running this script phase.\necho \"SUCCESS\" > \"${SCRIPT_OUTPUT_FILE_0}\"\n";
			showEnvVarsInLog = 0;
		};
/* End PBXShellScriptBuildPhase section */

/* Begin PBXSourcesBuildPhase section */
		07BB0CBA20F73DDD00B2BCA7 /* Sources */ = {
			isa = PBXSourcesBuildPhase;
			buildActionMask = 2147483647;
			files = (
				070D71FF20F74EFE00175D20 /* SortMainController.m in Sources */,
				070D71E720F74CA300175D20 /* UIViewController+funcs.m in Sources */,
				07BB28F720F7668300909AFE /* HanyuPinyinOutputFormat.m in Sources */,
				07D609B820FC603C00838E3A /* SelectTravesalController.m in Sources */,
				070D71E420F74CA300175D20 /* UILabel+init.m in Sources */,
				070D71F820F74CE600175D20 /* LinearSorter.m in Sources */,
				070D71E820F74CA300175D20 /* UIButton+init.m in Sources */,
				075B157120F74A010081CD48 /* SortBaseClass.m in Sources */,
				070D71E920F74CA300175D20 /* UIView+funcs.m in Sources */,
				07BB28E820F7550C00909AFE /* SwitchCell2.m in Sources */,
				07BB0CC620F73DDD00B2BCA7 /* ViewController.m in Sources */,
				070D71F520F74CE600175D20 /* InsertionSorter.m in Sources */,
				070D71F720F74CE600175D20 /* HeapSorter.m in Sources */,
				07BB28FA20F7671200909AFE /* NSString+PinYin4Cocoa.m in Sources */,
				07BB0CD120F73DDF00B2BCA7 /* main.m in Sources */,
				075B158B20F74A4E0081CD48 /* ELLinearUnitCell.m in Sources */,
				07BB28FD20F7683600909AFE /* PinyinFormatter.m in Sources */,
				075B158D20F74A4E0081CD48 /* ELCommonLinearCell.m in Sources */,
				075B159020F74A4E0081CD48 /* SortNameCollectionCell.m in Sources */,
				075B15A120F74C2D0081CD48 /* SelectOrderController.m in Sources */,
				075B15A520F74C2D0081CD48 /* SelectHeapController.m in Sources */,
				071BDA3720F8A71500D10F53 /* TextFieldCell.m in Sources */,
				075B158920F74A4E0081CD48 /* ELRepeatLinearCell.m in Sources */,
				070D71F920F74CE600175D20 /* QuickSorter.mm in Sources */,
				075B158C20F74A4E0081CD48 /* ELGroupedUnitCell.m in Sources */,
				07BB290020F7690300909AFE /* PinyinHelper.m in Sources */,
				075B158F20F74A4E0081CD48 /* ELCollectionCell.m in Sources */,
				075B158A20F74A4E0081CD48 /* ELTreeUnitCell.m in Sources */,
				070D71E620F74CA300175D20 /* UIImage+operations.m in Sources */,
				070D71F620F74CE600175D20 /* BubbleSorter.m in Sources */,
				07FCF1FA20FCDD4B00C071DF /* SortDescriptionController.m in Sources */,
				07BB28F420F7645200909AFE /* ChineseToPinyinResource.m in Sources */,
				070D71EE20F74CB900175D20 /* Common.m in Sources */,
				070D720420F74F1E00175D20 /* SortingViewController.m in Sources */,
				070D71E520F74CA300175D20 /* UIView+frameProperty.m in Sources */,
				070D720520F74F1E00175D20 /* ConfigSortController.m in Sources */,
				07BB0CC320F73DDD00B2BCA7 /* AppDelegate.m in Sources */,
				07BB28E520F7535C00909AFE /* SettingViewController2.m in Sources */,
				07D609BB20FCB2A700838E3A /* TravesingController.m in Sources */,
				075B15A220F74C2D0081CD48 /* SelectionSorter.m in Sources */,
				075B156D20F749EA0081CD48 /* MyComparator.m in Sources */,
				075B15A420F74C2D0081CD48 /* SelectController.m in Sources */,
				075B158E20F74A4E0081CD48 /* ELInsertionSortCell.m in Sources */,
				075B15A320F74C2D0081CD48 /* SelectFlowController.m in Sources */,
			);
			runOnlyForDeploymentPostprocessing = 0;
		};
/* End PBXSourcesBuildPhase section */

/* Begin PBXVariantGroup section */
		07BB0CC720F73DDD00B2BCA7 /* Main.storyboard */ = {
			isa = PBXVariantGroup;
			children = (
				07BB0CC820F73DDD00B2BCA7 /* Base */,
			);
			name = Main.storyboard;
			sourceTree = "<group>";
		};
		07BB0CCC20F73DDF00B2BCA7 /* LaunchScreen.storyboard */ = {
			isa = PBXVariantGroup;
			children = (
				07BB0CCD20F73DDF00B2BCA7 /* Base */,
			);
			name = LaunchScreen.storyboard;
			sourceTree = "<group>";
		};
/* End PBXVariantGroup section */

/* Begin XCBuildConfiguration section */
		07BB0CD220F73DDF00B2BCA7 /* Debug */ = {
			isa = XCBuildConfiguration;
			buildSettings = {
				ALWAYS_SEARCH_USER_PATHS = NO;
				CLANG_ANALYZER_NONNULL = YES;
				CLANG_ANALYZER_NUMBER_OBJECT_CONVERSION = YES_AGGRESSIVE;
				CLANG_CXX_LANGUAGE_STANDARD = "gnu++14";
				CLANG_CXX_LIBRARY = "libc++";
				CLANG_ENABLE_MODULES = YES;
				CLANG_ENABLE_OBJC_ARC = YES;
				CLANG_ENABLE_OBJC_WEAK = YES;
				CLANG_WARN_BLOCK_CAPTURE_AUTORELEASING = YES;
				CLANG_WARN_BOOL_CONVERSION = YES;
				CLANG_WARN_COMMA = YES;
				CLANG_WARN_CONSTANT_CONVERSION = YES;
				CLANG_WARN_DEPRECATED_OBJC_IMPLEMENTATIONS = YES;
				CLANG_WARN_DIRECT_OBJC_ISA_USAGE = YES_ERROR;
				CLANG_WARN_DOCUMENTATION_COMMENTS = YES;
				CLANG_WARN_EMPTY_BODY = YES;
				CLANG_WARN_ENUM_CONVERSION = YES;
				CLANG_WARN_INFINITE_RECURSION = YES;
				CLANG_WARN_INT_CONVERSION = YES;
				CLANG_WARN_NON_LITERAL_NULL_CONVERSION = YES;
				CLANG_WARN_OBJC_IMPLICIT_RETAIN_SELF = YES;
				CLANG_WARN_OBJC_LITERAL_CONVERSION = YES;
				CLANG_WARN_OBJC_ROOT_CLASS = YES_ERROR;
				CLANG_WARN_RANGE_LOOP_ANALYSIS = YES;
				CLANG_WARN_STRICT_PROTOTYPES = YES;
				CLANG_WARN_SUSPICIOUS_MOVE = YES;
				CLANG_WARN_UNGUARDED_AVAILABILITY = YES_AGGRESSIVE;
				CLANG_WARN_UNREACHABLE_CODE = YES;
				CLANG_WARN__DUPLICATE_METHOD_MATCH = YES;
				CODE_SIGN_IDENTITY = "iPhone Developer";
				COPY_PHASE_STRIP = NO;
				DEBUG_INFORMATION_FORMAT = dwarf;
				ENABLE_STRICT_OBJC_MSGSEND = YES;
				ENABLE_TESTABILITY = YES;
				GCC_C_LANGUAGE_STANDARD = gnu11;
				GCC_DYNAMIC_NO_PIC = NO;
				GCC_NO_COMMON_BLOCKS = YES;
				GCC_OPTIMIZATION_LEVEL = 0;
				GCC_PREPROCESSOR_DEFINITIONS = (
					"DEBUG=1",
					"$(inherited)",
				);
				GCC_WARN_64_TO_32_BIT_CONVERSION = YES;
				GCC_WARN_ABOUT_RETURN_TYPE = YES_ERROR;
				GCC_WARN_UNDECLARED_SELECTOR = YES;
				GCC_WARN_UNINITIALIZED_AUTOS = YES_AGGRESSIVE;
				GCC_WARN_UNUSED_FUNCTION = YES;
				GCC_WARN_UNUSED_VARIABLE = YES;
				IPHONEOS_DEPLOYMENT_TARGET = 12.0;
				MTL_ENABLE_DEBUG_INFO = INCLUDE_SOURCE;
				ONLY_ACTIVE_ARCH = YES;
				SDKROOT = iphoneos;
			};
			name = Debug;
		};
		07BB0CD320F73DDF00B2BCA7 /* Release */ = {
			isa = XCBuildConfiguration;
			buildSettings = {
				ALWAYS_SEARCH_USER_PATHS = NO;
				CLANG_ANALYZER_NONNULL = YES;
				CLANG_ANALYZER_NUMBER_OBJECT_CONVERSION = YES_AGGRESSIVE;
				CLANG_CXX_LANGUAGE_STANDARD = "gnu++14";
				CLANG_CXX_LIBRARY = "libc++";
				CLANG_ENABLE_MODULES = YES;
				CLANG_ENABLE_OBJC_ARC = YES;
				CLANG_ENABLE_OBJC_WEAK = YES;
				CLANG_WARN_BLOCK_CAPTURE_AUTORELEASING = YES;
				CLANG_WARN_BOOL_CONVERSION = YES;
				CLANG_WARN_COMMA = YES;
				CLANG_WARN_CONSTANT_CONVERSION = YES;
				CLANG_WARN_DEPRECATED_OBJC_IMPLEMENTATIONS = YES;
				CLANG_WARN_DIRECT_OBJC_ISA_USAGE = YES_ERROR;
				CLANG_WARN_DOCUMENTATION_COMMENTS = YES;
				CLANG_WARN_EMPTY_BODY = YES;
				CLANG_WARN_ENUM_CONVERSION = YES;
				CLANG_WARN_INFINITE_RECURSION = YES;
				CLANG_WARN_INT_CONVERSION = YES;
				CLANG_WARN_NON_LITERAL_NULL_CONVERSION = YES;
				CLANG_WARN_OBJC_IMPLICIT_RETAIN_SELF = YES;
				CLANG_WARN_OBJC_LITERAL_CONVERSION = YES;
				CLANG_WARN_OBJC_ROOT_CLASS = YES_ERROR;
				CLANG_WARN_RANGE_LOOP_ANALYSIS = YES;
				CLANG_WARN_STRICT_PROTOTYPES = YES;
				CLANG_WARN_SUSPICIOUS_MOVE = YES;
				CLANG_WARN_UNGUARDED_AVAILABILITY = YES_AGGRESSIVE;
				CLANG_WARN_UNREACHABLE_CODE = YES;
				CLANG_WARN__DUPLICATE_METHOD_MATCH = YES;
				CODE_SIGN_IDENTITY = "iPhone Developer";
				COPY_PHASE_STRIP = NO;
				DEBUG_INFORMATION_FORMAT = "dwarf-with-dsym";
				ENABLE_NS_ASSERTIONS = NO;
				ENABLE_STRICT_OBJC_MSGSEND = YES;
				GCC_C_LANGUAGE_STANDARD = gnu11;
				GCC_NO_COMMON_BLOCKS = YES;
				GCC_WARN_64_TO_32_BIT_CONVERSION = YES;
				GCC_WARN_ABOUT_RETURN_TYPE = YES_ERROR;
				GCC_WARN_UNDECLARED_SELECTOR = YES;
				GCC_WARN_UNINITIALIZED_AUTOS = YES_AGGRESSIVE;
				GCC_WARN_UNUSED_FUNCTION = YES;
				GCC_WARN_UNUSED_VARIABLE = YES;
				IPHONEOS_DEPLOYMENT_TARGET = 12.0;
				MTL_ENABLE_DEBUG_INFO = NO;
				SDKROOT = iphoneos;
				VALIDATE_PRODUCT = YES;
			};
			name = Release;
		};
		07BB0CD520F73DDF00B2BCA7 /* Debug */ = {
			isa = XCBuildConfiguration;
			baseConfigurationReference = 33779D1955637EAD3502E930 /* Pods-DS_playgound.debug.xcconfig */;
			buildSettings = {
				ASSETCATALOG_COMPILER_APPICON_NAME = AppIcon;
				CODE_SIGN_STYLE = Automatic;
				INFOPLIST_FILE = DS_playgound/Info.plist;
				IPHONEOS_DEPLOYMENT_TARGET = 9.0;
				LD_RUNPATH_SEARCH_PATHS = "$(inherited) @executable_path/Frameworks";
				PRODUCT_BUNDLE_IDENTIFIER = "com.SDU-iOS-LAB.DS-playgound";
				PRODUCT_NAME = "$(TARGET_NAME)";
				TARGETED_DEVICE_FAMILY = 2;
			};
			name = Debug;
		};
		07BB0CD620F73DDF00B2BCA7 /* Release */ = {
			isa = XCBuildConfiguration;
			baseConfigurationReference = 47DB74C7777C6EB771836EB6 /* Pods-DS_playgound.release.xcconfig */;
			buildSettings = {
				ASSETCATALOG_COMPILER_APPICON_NAME = AppIcon;
				CODE_SIGN_STYLE = Automatic;
				INFOPLIST_FILE = DS_playgound/Info.plist;
				IPHONEOS_DEPLOYMENT_TARGET = 9.0;
				LD_RUNPATH_SEARCH_PATHS = "$(inherited) @executable_path/Frameworks";
				PRODUCT_BUNDLE_IDENTIFIER = "com.SDU-iOS-LAB.DS-playgound";
				PRODUCT_NAME = "$(TARGET_NAME)";
				TARGETED_DEVICE_FAMILY = 2;
			};
			name = Release;
		};
/* End XCBuildConfiguration section */

/* Begin XCConfigurationList section */
		07BB0CB920F73DDD00B2BCA7 /* Build configuration list for PBXProject "DS_playgound" */ = {
			isa = XCConfigurationList;
			buildConfigurations = (
				07BB0CD220F73DDF00B2BCA7 /* Debug */,
				07BB0CD320F73DDF00B2BCA7 /* Release */,
			);
			defaultConfigurationIsVisible = 0;
			defaultConfigurationName = Release;
		};
		07BB0CD420F73DDF00B2BCA7 /* Build configuration list for PBXNativeTarget "DS_playgound" */ = {
			isa = XCConfigurationList;
			buildConfigurations = (
				07BB0CD520F73DDF00B2BCA7 /* Debug */,
				07BB0CD620F73DDF00B2BCA7 /* Release */,
			);
			defaultConfigurationIsVisible = 0;
			defaultConfigurationName = Release;
		};
/* End XCConfigurationList section */
	};
	rootObject = 07BB0CB620F73DDD00B2BCA7 /* Project object */;
}
